
Microsoft Visual Studio Solution File, Format Version 12.00
# Visual Studio Version 17
VisualStudioVersion = 17.12.35527.113
MinimumVisualStudioVersion = 10.0.40219.1
Project("{FAE04EC0-301F-11D3-BF4B-00C04F79EFBC}") = "API", "API\API.csproj", "{7272FAC3-4A6D-41CA-A506-84E9A9B0E6D5}"
EndProject
Project("{FAE04EC0-301F-11D3-BF4B-00C04F79EFBC}") = "Domain", "Domain\Domain.csproj", "{37740179-12A8-4DC2-9A0E-5B6C76FBB16A}"
EndProject
Project("{FAE04EC0-301F-11D3-BF4B-00C04F79EFBC}") = "Application", "Application\Application.csproj", "{66F999BE-D2EC-4055-82F0-61D11448CC21}"
EndProject
Project("{FAE04EC0-301F-11D3-BF4B-00C04F79EFBC}") = "Infrastructure", "Infrastructure\Infrastructure.csproj", "{752D0A14-9EC1-4289-A862-BF91EF42A9E3}"
EndProject
Project("{FAE04EC0-301F-11D3-BF4B-00C04F79EFBC}") = "Common", "Common\Common.csproj", "{AD3B354F-C375-4260-85C4-B9D9FB4CE3EE}"
EndProject
Global
	GlobalSection(SolutionConfigurationPlatforms) = preSolution
		Debug|Any CPU = Debug|Any CPU
		Release|Any CPU = Release|Any CPU
	EndGlobalSection
	GlobalSection(ProjectConfigurationPlatforms) = postSolution
		{7272FAC3-4A6D-41CA-A506-84E9A9B0E6D5}.Debug|Any CPU.ActiveCfg = Debug|Any CPU
		{7272FAC3-4A6D-41CA-A506-84E9A9B0E6D5}.Debug|Any CPU.Build.0 = Debug|Any CPU
		{7272FAC3-4A6D-41CA-A506-84E9A9B0E6D5}.Release|Any CPU.ActiveCfg = Release|Any CPU
		{7272FAC3-4A6D-41CA-A506-84E9A9B0E6D5}.Release|Any CPU.Build.0 = Release|Any CPU
		{37740179-12A8-4DC2-9A0E-5B6C76FBB16A}.Debug|Any CPU.ActiveCfg = Debug|Any CPU
		{37740179-12A8-4DC2-9A0E-5B6C76FBB16A}.Debug|Any CPU.Build.0 = Debug|Any CPU
		{37740179-12A8-4DC2-9A0E-5B6C76FBB16A}.Release|Any CPU.ActiveCfg = Release|Any CPU
		{37740179-12A8-4DC2-9A0E-5B6C76FBB16A}.Release|Any CPU.Build.0 = Release|Any CPU
		{66F999BE-D2EC-4055-82F0-61D11448CC21}.Debug|Any CPU.ActiveCfg = Debug|Any CPU
		{66F999BE-D2EC-4055-82F0-61D11448CC21}.Debug|Any CPU.Build.0 = Debug|Any CPU
		{66F999BE-D2EC-4055-82F0-61D11448CC21}.Release|Any CPU.ActiveCfg = Release|Any CPU
		{66F999BE-D2EC-4055-82F0-61D11448CC21}.Release|Any CPU.Build.0 = Release|Any CPU
		{752D0A14-9EC1-4289-A862-BF91EF42A9E3}.Debug|Any CPU.ActiveCfg = Debug|Any CPU
		{752D0A14-9EC1-4289-A862-BF91EF42A9E3}.Debug|Any CPU.Build.0 = Debug|Any CPU
		{752D0A14-9EC1-4289-A862-BF91EF42A9E3}.Release|Any CPU.ActiveCfg = Release|Any CPU
		{752D0A14-9EC1-4289-A862-BF91EF42A9E3}.Release|Any CPU.Build.0 = Release|Any CPU
		{AD3B354F-C375-4260-85C4-B9D9FB4CE3EE}.Debug|Any CPU.ActiveCfg = Debug|Any CPU
		{AD3B354F-C375-4260-85C4-B9D9FB4CE3EE}.Debug|Any CPU.Build.0 = Debug|Any CPU
		{AD3B354F-C375-4260-85C4-B9D9FB4CE3EE}.Release|Any CPU.ActiveCfg = Release|Any CPU
		{AD3B354F-C375-4260-85C4-B9D9FB4CE3EE}.Release|Any CPU.Build.0 = Release|Any CPU
	EndGlobalSection
	GlobalSection(SolutionProperties) = preSolution
		HideSolutionNode = FALSE
	EndGlobalSection
EndGlobal
